// !$*UTF8*$!
{
	archiveVersion = 1;
	classes = {
	};
	objectVersion = 77;
	objects = {

/* Begin PBXContainerItemProxy section */
		9A7ADD8B2E115551004D9B51 /* PBXContainerItemProxy */ = {
			isa = PBXContainerItemProxy;
			containerPortal = 9A7ADD752E115550004D9B51 /* Project object */;
			proxyType = 1;
			remoteGlobalIDString = 9A7ADD7C2E115550004D9B51;
			remoteInfo = Neuron_Classification;
		};
		9A7ADD952E115551004D9B51 /* PBXContainerItemProxy */ = {
			isa = PBXContainerItemProxy;
			containerPortal = 9A7ADD752E115550004D9B51 /* Project object */;
			proxyType = 1;
			remoteGlobalIDString = 9A7ADD7C2E115550004D9B51;
			remoteInfo = Neuron_Classification;
		};
/* End PBXContainerItemProxy section */

/* Begin PBXFileReference section */
		9A7ADD7D2E115550004D9B51 /* Neuron_Classification.app */ = {isa = PBXFileReference; explicitFileType = wrapper.application; includeInIndex = 0; path = Neuron_Classification.app; sourceTree = BUILT_PRODUCTS_DIR; };
		9A7ADD8A2E115551004D9B51 /* Neuron_ClassificationTests.xctest */ = {isa = PBXFileReference; explicitFileType = wrapper.cfbundle; includeInIndex = 0; path = Neuron_ClassificationTests.xctest; sourceTree = BUILT_PRODUCTS_DIR; };
		9A7ADD942E115551004D9B51 /* Neuron_ClassificationUITests.xctest */ = {isa = PBXFileReference; explicitFileType = wrapper.cfbundle; includeInIndex = 0; path = Neuron_ClassificationUITests.xctest; sourceTree = BUILT_PRODUCTS_DIR; };
/* End PBXFileReference section */

/* Begin PBXFileSystemSynchronizedRootGroup section */
		9A7ADD7F2E115550004D9B51 /* Neuron_Classification */ = {
			isa = PBXFileSystemSynchronizedRootGroup;
			path = Neuron_Classification;
			sourceTree = "<group>";
		};
		9A7ADD8D2E115551004D9B51 /* Neuron_ClassificationTests */ = {
			isa = PBXFileSystemSynchronizedRootGroup;
			path = Neuron_ClassificationTests;
			sourceTree = "<group>";
		};
		9A7ADD972E115551004D9B51 /* Neuron_ClassificationUITests */ = {
			isa = PBXFileSystemSynchronizedRootGroup;
			path = Neuron_ClassificationUITests;
			sourceTree = "<group>";
		};
/* End PBXFileSystemSynchronizedRootGroup section */

/* Begin PBXFrameworksBuildPhase section */
		9A7ADD7A2E115550004D9B51 /* Frameworks */ = {
			isa = PBXFrameworksBuildPhase;
			buildActionMask = 2147483647;
			files = (
			);
			runOnlyForDeploymentPostprocessing = 0;
		};
		9A7ADD872E115551004D9B51 /* Frameworks */ = {
			isa = PBXFrameworksBuildPhase;
			buildActionMask = 2147483647;
			files = (
			);
			runOnlyForDeploymentPostprocessing = 0;
		};
		9A7ADD912E115551004D9B51 /* Frameworks */ = {
			isa = PBXFrameworksBuildPhase;
			buildActionMask = 2147483647;
			files = (
			);
			runOnlyForDeploymentPostprocessing = 0;
		};
/* End PBXFrameworksBuildPhase section */

/* Begin PBXGroup section */
		9A7ADD742E115550004D9B51 = {
			isa = PBXGroup;
			children = (
				9A7ADD7F2E115550004D9B51 /* Neuron_Classification */,
				9A7ADD8D2E115551004D9B51 /* Neuron_ClassificationTests */,
				9A7ADD972E115551004D9B51 /* Neuron_ClassificationUITests */,
				9A7ADD7E2E115550004D9B51 /* Products */,
			);
			sourceTree = "<group>";
		};
		9A7ADD7E2E115550004D9B51 /* Products */ = {
			isa = PBXGroup;
			children = (
				9A7ADD7D2E115550004D9B51 /* Neuron_Classification.app */,
				9A7ADD8A2E115551004D9B51 /* Neuron_ClassificationTests.xctest */,
				9A7ADD942E115551004D9B51 /* Neuron_ClassificationUITests.xctest */,
			);
			name = Products;
			sourceTree = "<group>";
		};
/* End PBXGroup section */

/* Begin PBXNativeTarget section */
		9A7ADD7C2E115550004D9B51 /* Neuron_Classification */ = {
			isa = PBXNativeTarget;
			buildConfigurationList = 9A7ADD9E2E115551004D9B51 /* Build configuration list for PBXNativeTarget "Neuron_Classification" */;
			buildPhases = (
				9A7ADD792E115550004D9B51 /* Sources */,
				9A7ADD7A2E115550004D9B51 /* Frameworks */,
				9A7ADD7B2E115550004D9B51 /* Resources */,
			);
			buildRules = (
			);
			dependencies = (
			);
			fileSystemSynchronizedGroups = (
				9A7ADD7F2E115550004D9B51 /* Neuron_Classification */,
			);
			name = Neuron_Classification;
			packageProductDependencies = (
			);
			productName = Neuron_Classification;
			productReference = 9A7ADD7D2E115550004D9B51 /* Neuron_Classification.app */;
			productType = "com.apple.product-type.application";
		};
		9A7ADD892E115551004D9B51 /* Neuron_ClassificationTests */ = {
			isa = PBXNativeTarget;
			buildConfigurationList = 9A7ADDA12E115551004D9B51 /* Build configuration list for PBXNativeTarget "Neuron_ClassificationTests" */;
			buildPhases = (
				9A7ADD862E115551004D9B51 /* Sources */,
				9A7ADD872E115551004D9B51 /* Frameworks */,
				9A7ADD882E115551004D9B51 /* Resources */,
			);
			buildRules = (
			);
			dependencies = (
				9A7ADD8C2E115551004D9B51 /* PBXTargetDependency */,
			);
			fileSystemSynchronizedGroups = (
				9A7ADD8D2E115551004D9B51 /* Neuron_ClassificationTests */,
			);
			name = Neuron_ClassificationTests;
			packageProductDependencies = (
			);
			productName = Neuron_ClassificationTests;
			productReference = 9A7ADD8A2E115551004D9B51 /* Neuron_ClassificationTests.xctest */;
			productType = "com.apple.product-type.bundle.unit-test";
		};
		9A7ADD932E115551004D9B51 /* Neuron_ClassificationUITests */ = {
			isa = PBXNativeTarget;
			buildConfigurationList = 9A7ADDA42E115551004D9B51 /* Build configuration list for PBXNativeTarget "Neuron_ClassificationUITests" */;
			buildPhases = (
				9A7ADD902E115551004D9B51 /* Sources */,
				9A7ADD912E115551004D9B51 /* Frameworks */,
				9A7ADD922E115551004D9B51 /* Resources */,
			);
			buildRules = (
			);
			dependencies = (
				9A7ADD962E115551004D9B51 /* PBXTargetDependency */,
			);
			fileSystemSynchronizedGroups = (
				9A7ADD972E115551004D9B51 /* Neuron_ClassificationUITests */,
			);
			name = Neuron_ClassificationUITests;
			packageProductDependencies = (
			);
			productName = Neuron_ClassificationUITests;
			productReference = 9A7ADD942E115551004D9B51 /* Neuron_ClassificationUITests.xctest */;
			productType = "com.apple.product-type.bundle.ui-testing";
		};
/* End PBXNativeTarget section */

/* Begin PBXProject section */
		9A7ADD752E115550004D9B51 /* Project object */ = {
			isa = PBXProject;
			attributes = {
				BuildIndependentTargetsInParallel = 1;
				LastSwiftUpdateCheck = 1640;
				LastUpgradeCheck = 1640;
				TargetAttributes = {
					9A7ADD7C2E115550004D9B51 = {
						CreatedOnToolsVersion = 16.4;
					};
					9A7ADD892E115551004D9B51 = {
						CreatedOnToolsVersion = 16.4;
						TestTargetID = 9A7ADD7C2E115550004D9B51;
					};
					9A7ADD932E115551004D9B51 = {
						CreatedOnToolsVersion = 16.4;
						TestTargetID = 9A7ADD7C2E115550004D9B51;
					};
				};
			};
			buildConfigurationList = 9A7ADD782E115550004D9B51 /* Build configuration list for PBXProject "Neuron_Classification" */;
			developmentRegion = en;
			hasScannedForEncodings = 0;
			knownRegions = (
				en,
				Base,
			);
			mainGroup = 9A7ADD742E115550004D9B51;
			minimizedProjectReferenceProxies = 1;
			preferredProjectObjectVersion = 77;
			productRefGroup = 9A7ADD7E2E115550004D9B51 /* Products */;
			projectDirPath = "";
			projectRoot = "";
			targets = (
				9A7ADD7C2E115550004D9B51 /* Neuron_Classification */,
				9A7ADD892E115551004D9B51 /* Neuron_ClassificationTests */,
				9A7ADD932E115551004D9B51 /* Neuron_ClassificationUITests */,
			);
		};
/* End PBXProject section */

/* Begin PBXResourcesBuildPhase section */
		9A7ADD7B2E115550004D9B51 /* Resources */ = {
			isa = PBXResourcesBuildPhase;
			buildActionMask = 2147483647;
			files = (
			);
			runOnlyForDeploymentPostprocessing = 0;
		};
		9A7ADD882E115551004D9B51 /* Resources */ = {
			isa = PBXResourcesBuildPhase;
			buildActionMask = 2147483647;
			files = (
			);
			runOnlyForDeploymentPostprocessing = 0;
		};
		9A7ADD922E115551004D9B51 /* Resources */ = {
			isa = PBXResourcesBuildPhase;
			buildActionMask = 2147483647;
			files = (
			);
			runOnlyForDeploymentPostprocessing = 0;
		};
/* End PBXResourcesBuildPhase section */

/* Begin PBXSourcesBuildPhase section */
		9A7ADD792E115550004D9B51 /* Sources */ = {
			isa = PBXSourcesBuildPhase;
			buildActionMask = 2147483647;
			files = (
			);
			runOnlyForDeploymentPostprocessing = 0;
		};
		9A7ADD862E115551004D9B51 /* Sources */ = {
			isa = PBXSourcesBuildPhase;
			buildActionMask = 2147483647;
			files = (
			);
			runOnlyForDeploymentPostprocessing = 0;
		};
		9A7ADD902E115551004D9B51 /* Sources */ = {
			isa = PBXSourcesBuildPhase;
			buildActionMask = 2147483647;
			files = (
			);
			runOnlyForDeploymentPostprocessing = 0;
		};
/* End PBXSourcesBuildPhase section */

/* Begin PBXTargetDependency section */
		9A7ADD8C2E115551004D9B51 /* PBXTargetDependency */ = {
			isa = PBXTargetDependency;
			target = 9A7ADD7C2E115550004D9B51 /* Neuron_Classification */;
			targetProxy = 9A7ADD8B2E115551004D9B51 /* PBXContainerItemProxy */;
		};
		9A7ADD962E115551004D9B51 /* PBXTargetDependency */ = {
			isa = PBXTargetDependency;
			target = 9A7ADD7C2E115550004D9B51 /* Neuron_Classification */;
			targetProxy = 9A7ADD952E115551004D9B51 /* PBXContainerItemProxy */;
		};
/* End PBXTargetDependency section */

/* Begin XCBuildConfiguration section */
		9A7ADD9C2E115551004D9B51 /* Debug */ = {
			isa = XCBuildConfiguration;
			buildSettings = {
				ALWAYS_SEARCH_USER_PATHS = NO;
				ASSETCATALOG_COMPILER_GENERATE_SWIFT_ASSET_SYMBOL_EXTENSIONS = YES;
				CLANG_ANALYZER_NONNULL = YES;
				CLANG_ANALYZER_NUMBER_OBJECT_CONVERSION = YES_AGGRESSIVE;
				CLANG_CXX_LANGUAGE_STANDARD = "gnu++20";
				CLANG_ENABLE_MODULES = YES;
				CLANG_ENABLE_OBJC_ARC = YES;
				CLANG_ENABLE_OBJC_WEAK = YES;
				CLANG_WARN_BLOCK_CAPTURE_AUTORELEASING = YES;
				CLANG_WARN_BOOL_CONVERSION = YES;
				CLANG_WARN_COMMA = YES;
				CLANG_WARN_CONSTANT_CONVERSION = YES;
				CLANG_WARN_DEPRECATED_OBJC_IMPLEMENTATIONS = YES;
				CLANG_WARN_DIRECT_OBJC_ISA_USAGE = YES_ERROR;
				CLANG_WARN_DOCUMENTATION_COMMENTS = YES;
				CLANG_WARN_EMPTY_BODY = YES;
				CLANG_WARN_ENUM_CONVERSION = YES;
				CLANG_WARN_INFINITE_RECURSION = YES;
				CLANG_WARN_INT_CONVERSION = YES;
				CLANG_WARN_NON_LITERAL_NULL_CONVERSION = YES;
				CLANG_WARN_OBJC_IMPLICIT_RETAIN_SELF = YES;
				CLANG_WARN_OBJC_LITERAL_CONVERSION = YES;
				CLANG_WARN_OBJC_ROOT_CLASS = YES_ERROR;
				CLANG_WARN_QUOTED_INCLUDE_IN_FRAMEWORK_HEADER = YES;
				CLANG_WARN_RANGE_LOOP_ANALYSIS = YES;
				CLANG_WARN_STRICT_PROTOTYPES = YES;
				CLANG_WARN_SUSPICIOUS_MOVE = YES;
				CLANG_WARN_UNGUARDED_AVAILABILITY = YES_AGGRESSIVE;
				CLANG_WARN_UNREACHABLE_CODE = YES;
				CLANG_WARN__DUPLICATE_METHOD_MATCH = YES;
				COPY_PHASE_STRIP = NO;
				DEBUG_INFORMATION_FORMAT = dwarf;
				DEVELOPMENT_TEAM = 99WD9D6Y46;
				ENABLE_STRICT_OBJC_MSGSEND = YES;
				ENABLE_TESTABILITY = YES;
				ENABLE_USER_SCRIPT_SANDBOXING = YES;
				GCC_C_LANGUAGE_STANDARD = gnu17;
				GCC_DYNAMIC_NO_PIC = NO;
				GCC_NO_COMMON_BLOCKS = YES;
				GCC_OPTIMIZATION_LEVEL = 0;
				GCC_PREPROCESSOR_DEFINITIONS = (
					"DEBUG=1",
					"$(inherited)",
				);
				GCC_WARN_64_TO_32_BIT_CONVERSION = YES;
				GCC_WARN_ABOUT_RETURN_TYPE = YES_ERROR;
				GCC_WARN_UNDECLARED_SELECTOR = YES;
				GCC_WARN_UNINITIALIZED_AUTOS = YES_AGGRESSIVE;
				GCC_WARN_UNUSED_FUNCTION = YES;
				GCC_WARN_UNUSED_VARIABLE = YES;
				IPHONEOS_DEPLOYMENT_TARGET = 18.5;
				LOCALIZATION_PREFERS_STRING_CATALOGS = YES;
				MTL_ENABLE_DEBUG_INFO = INCLUDE_SOURCE;
				MTL_FAST_MATH = YES;
				ONLY_ACTIVE_ARCH = YES;
				SDKROOT = iphoneos;
				SWIFT_ACTIVE_COMPILATION_CONDITIONS = "DEBUG $(inherited)";
				SWIFT_OPTIMIZATION_LEVEL = "-Onone";
			};
			name = Debug;
		};
		9A7ADD9D2E115551004D9B51 /* Release */ = {
			isa = XCBuildConfiguration;
			buildSettings = {
				ALWAYS_SEARCH_USER_PATHS = NO;
				ASSETCATALOG_COMPILER_GENERATE_SWIFT_ASSET_SYMBOL_EXTENSIONS = YES;
				CLANG_ANALYZER_NONNULL = YES;
				CLANG_ANALYZER_NUMBER_OBJECT_CONVERSION = YES_AGGRESSIVE;
				CLANG_CXX_LANGUAGE_STANDARD = "gnu++20";
				CLANG_ENABLE_MODULES = YES;
				CLANG_ENABLE_OBJC_ARC = YES;
				CLANG_ENABLE_OBJC_WEAK = YES;
				CLANG_WARN_BLOCK_CAPTURE_AUTORELEASING = YES;
				CLANG_WARN_BOOL_CONVERSION = YES;
				CLANG_WARN_COMMA = YES;
				CLANG_WARN_CONSTANT_CONVERSION = YES;
				CLANG_WARN_DEPRECATED_OBJC_IMPLEMENTATIONS = YES;
				CLANG_WARN_DIRECT_OBJC_ISA_USAGE = YES_ERROR;
				CLANG_WARN_DOCUMENTATION_COMMENTS = YES;
				CLANG_WARN_EMPTY_BODY = YES;
				CLANG_WARN_ENUM_CONVERSION = YES;
				CLANG_WARN_INFINITE_RECURSION = YES;
				CLANG_WARN_INT_CONVERSION = YES;
				CLANG_WARN_NON_LITERAL_NULL_CONVERSION = YES;
				CLANG_WARN_OBJC_IMPLICIT_RETAIN_SELF = YES;
				CLANG_WARN_OBJC_LITERAL_CONVERSION = YES;
				CLANG_WARN_OBJC_ROOT_CLASS = YES_ERROR;
				CLANG_WARN_QUOTED_INCLUDE_IN_FRAMEWORK_HEADER = YES;
				CLANG_WARN_RANGE_LOOP_ANALYSIS = YES;
				CLANG_WARN_STRICT_PROTOTYPES = YES;
				CLANG_WARN_SUSPICIOUS_MOVE = YES;
				CLANG_WARN_UNGUARDED_AVAILABILITY = YES_AGGRESSIVE;
				CLANG_WARN_UNREACHABLE_CODE = YES;
				CLANG_WARN__DUPLICATE_METHOD_MATCH = YES;
				COPY_PHASE_STRIP = NO;
				DEBUG_INFORMATION_FORMAT = "dwarf-with-dsym";
				DEVELOPMENT_TEAM = 99WD9D6Y46;
				ENABLE_NS_ASSERTIONS = NO;
				ENABLE_STRICT_OBJC_MSGSEND = YES;
				ENABLE_USER_SCRIPT_SANDBOXING = YES;
				GCC_C_LANGUAGE_STANDARD = gnu17;
				GCC_NO_COMMON_BLOCKS = YES;
				GCC_WARN_64_TO_32_BIT_CONVERSION = YES;
				GCC_WARN_ABOUT_RETURN_TYPE = YES_ERROR;
				GCC_WARN_UNDECLARED_SELECTOR = YES;
				GCC_WARN_UNINITIALIZED_AUTOS = YES_AGGRESSIVE;
				GCC_WARN_UNUSED_FUNCTION = YES;
				GCC_WARN_UNUSED_VARIABLE = YES;
				IPHONEOS_DEPLOYMENT_TARGET = 18.5;
				LOCALIZATION_PREFERS_STRING_CATALOGS = YES;
				MTL_ENABLE_DEBUG_INFO = NO;
				MTL_FAST_MATH = YES;
				SDKROOT = iphoneos;
				SWIFT_COMPILATION_MODE = wholemodule;
				VALIDATE_PRODUCT = YES;
			};
			name = Release;
		};
		9A7ADD9F2E115551004D9B51 /* Debug */ = {
			isa = XCBuildConfiguration;
			buildSettings = {
				ASSETCATALOG_COMPILER_APPICON_NAME = AppIcon;
				ASSETCATALOG_COMPILER_GLOBAL_ACCENT_COLOR_NAME = AccentColor;
				CODE_SIGN_STYLE = Automatic;
				CURRENT_PROJECT_VERSION = 1;
				DEVELOPMENT_TEAM = 99WD9D6Y46;
				ENABLE_PREVIEWS = YES;
				GENERATE_INFOPLIST_FILE = YES;
				INFOPLIST_KEY_UIApplicationSceneManifest_Generation = YES;
				INFOPLIST_KEY_UIApplicationSupportsIndirectInputEvents = YES;
				INFOPLIST_KEY_UILaunchScreen_Generation = YES;
				INFOPLIST_KEY_UISupportedInterfaceOrientations_iPad = "UIInterfaceOrientationPortrait UIInterfaceOrientationPortraitUpsideDown UIInterfaceOrientationLandscapeLeft UIInterfaceOrientationLandscapeRight";
				INFOPLIST_KEY_UISupportedInterfaceOrientations_iPhone = "UIInterfaceOrientationPortrait UIInterfaceOrientationLandscapeLeft UIInterfaceOrientationLandscapeRight";
				LD_RUNPATH_SEARCH_PATHS = (
					"$(inherited)",
					"@executable_path/Frameworks",
				);
				MARKETING_VERSION = 1.0;
				PRODUCT_BUNDLE_IDENTIFIER = "tech.CongLeSolutionX.Neuron-Classification";
				PRODUCT_NAME = "$(TARGET_NAME)";
				SWIFT_EMIT_LOC_STRINGS = YES;
				SWIFT_VERSION = 5.0;
				TARGETED_DEVICE_FAMILY = "1,2";
			};
			name = Debug;
		};
		9A7ADDA02E115551004D9B51 /* Release */ = {
			isa = XCBuildConfiguration;
			buildSettings = {
				ASSETCATALOG_COMPILER_APPICON_NAME = AppIcon;
				ASSETCATALOG_COMPILER_GLOBAL_ACCENT_COLOR_NAME = AccentColor;
				CODE_SIGN_STYLE = Automatic;
				CURRENT_PROJECT_VERSION = 1;
				DEVELOPMENT_TEAM = 99WD9D6Y46;
				ENABLE_PREVIEWS = YES;
				GENERATE_INFOPLIST_FILE = YES;
				INFOPLIST_KEY_UIApplicationSceneManifest_Generation = YES;
				INFOPLIST_KEY_UIApplicationSupportsIndirectInputEvents = YES;
				INFOPLIST_KEY_UILaunchScreen_Generation = YES;
				INFOPLIST_KEY_UISupportedInterfaceOrientations_iPad = "UIInterfaceOrientationPortrait UIInterfaceOrientationPortraitUpsideDown UIInterfaceOrientationLandscapeLeft UIInterfaceOrientationLandscapeRight";
				INFOPLIST_KEY_UISupportedInterfaceOrientations_iPhone = "UIInterfaceOrientationPortrait UIInterfaceOrientationLandscapeLeft UIInterfaceOrientationLandscapeRight";
				LD_RUNPATH_SEARCH_PATHS = (
					"$(inherited)",
					"@executable_path/Frameworks",
				);
				MARKETING_VERSION = 1.0;
				PRODUCT_BUNDLE_IDENTIFIER = "tech.CongLeSolutionX.Neuron-Classification";
				PRODUCT_NAME = "$(TARGET_NAME)";
				SWIFT_EMIT_LOC_STRINGS = YES;
				SWIFT_VERSION = 5.0;
				TARGETED_DEVICE_FAMILY = "1,2";
			};
			name = Release;
		};
		9A7ADDA22E115551004D9B51 /* Debug */ = {
			isa = XCBuildConfiguration;
			buildSettings = {
				BUNDLE_LOADER = "$(TEST_HOST)";
				CODE_SIGN_STYLE = Automatic;
				CURRENT_PROJECT_VERSION = 1;
				DEVELOPMENT_TEAM = 99WD9D6Y46;
				GENERATE_INFOPLIST_FILE = YES;
				IPHONEOS_DEPLOYMENT_TARGET = 18.5;
				MARKETING_VERSION = 1.0;
				PRODUCT_BUNDLE_IDENTIFIER = "tech.CongLeSolutionX.Neuron-ClassificationTests";
				PRODUCT_NAME = "$(TARGET_NAME)";
				SWIFT_EMIT_LOC_STRINGS = NO;
				SWIFT_VERSION = 5.0;
				TARGETED_DEVICE_FAMILY = "1,2";
				TEST_HOST = "$(BUILT_PRODUCTS_DIR)/Neuron_Classification.app/$(BUNDLE_EXECUTABLE_FOLDER_PATH)/Neuron_Classification";
			};
			name = Debug;
		};
		9A7ADDA32E115551004D9B51 /* Release */ = {
			isa = XCBuildConfiguration;
			buildSettings = {
				BUNDLE_LOADER = "$(TEST_HOST)";
				CODE_SIGN_STYLE = Automatic;
				CURRENT_PROJECT_VERSION = 1;
				DEVELOPMENT_TEAM = 99WD9D6Y46;
				GENERATE_INFOPLIST_FILE = YES;
				IPHONEOS_DEPLOYMENT_TARGET = 18.5;
				MARKETING_VERSION = 1.0;
				PRODUCT_BUNDLE_IDENTIFIER = "tech.CongLeSolutionX.Neuron-ClassificationTests";
				PRODUCT_NAME = "$(TARGET_NAME)";
				SWIFT_EMIT_LOC_STRINGS = NO;
				SWIFT_VERSION = 5.0;
				TARGETED_DEVICE_FAMILY = "1,2";
				TEST_HOST = "$(BUILT_PRODUCTS_DIR)/Neuron_Classification.app/$(BUNDLE_EXECUTABLE_FOLDER_PATH)/Neuron_Classification";
			};
			name = Release;
		};
		9A7ADDA52E115551004D9B51 /* Debug */ = {
			isa = XCBuildConfiguration;
			buildSettings = {
				CODE_SIGN_STYLE = Automatic;
				CURRENT_PROJECT_VERSION = 1;
				DEVELOPMENT_TEAM = 99WD9D6Y46;
				GENERATE_INFOPLIST_FILE = YES;
				MARKETING_VERSION = 1.0;
				PRODUCT_BUNDLE_IDENTIFIER = "tech.CongLeSolutionX.Neuron-ClassificationUITests";
				PRODUCT_NAME = "$(TARGET_NAME)";
				SWIFT_EMIT_LOC_STRINGS = NO;
				SWIFT_VERSION = 5.0;
				TARGETED_DEVICE_FAMILY = "1,2";
				TEST_TARGET_NAME = Neuron_Classification;
			};
			name = Debug;
		};
		9A7ADDA62E115551004D9B51 /* Release */ = {
			isa = XCBuildConfiguration;
			buildSettings = {
				CODE_SIGN_STYLE = Automatic;
				CURRENT_PROJECT_VERSION = 1;
				DEVELOPMENT_TEAM = 99WD9D6Y46;
				GENERATE_INFOPLIST_FILE = YES;
				MARKETING_VERSION = 1.0;
				PRODUCT_BUNDLE_IDENTIFIER = "tech.CongLeSolutionX.Neuron-ClassificationUITests";
				PRODUCT_NAME = "$(TARGET_NAME)";
				SWIFT_EMIT_LOC_STRINGS = NO;
				SWIFT_VERSION = 5.0;
				TARGETED_DEVICE_FAMILY = "1,2";
				TEST_TARGET_NAME = Neuron_Classification;
			};
			name = Release;
		};
/* End XCBuildConfiguration section */

/* Begin XCConfigurationList section */
		9A7ADD782E115550004D9B51 /* Build configuration list for PBXProject "Neuron_Classification" */ = {
			isa = XCConfigurationList;
			buildConfigurations = (
				9A7ADD9C2E115551004D9B51 /* Debug */,
				9A7ADD9D2E115551004D9B51 /* Release */,
			);
			defaultConfigurationIsVisible = 0;
			defaultConfigurationName = Release;
		};
		9A7ADD9E2E115551004D9B51 /* Build configuration list for PBXNativeTarget "Neuron_Classification" */ = {
			isa = XCConfigurationList;
			buildConfigurations = (
				9A7ADD9F2E115551004D9B51 /* Debug */,
				9A7ADDA02E115551004D9B51 /* Release */,
			);
			defaultConfigurationIsVisible = 0;
			defaultConfigurationName = Release;
		};
		9A7ADDA12E115551004D9B51 /* Build configuration list for PBXNativeTarget "Neuron_ClassificationTests" */ = {
			isa = XCConfigurationList;
			buildConfigurations = (
				9A7ADDA22E115551004D9B51 /* Debug */,
				9A7ADDA32E115551004D9B51 /* Release */,
			);
			defaultConfigurationIsVisible = 0;
			defaultConfigurationName = Release;
		};
		9A7ADDA42E115551004D9B51 /* Build configuration list for PBXNativeTarget "Neuron_ClassificationUITests" */ = {
			isa = XCConfigurationList;
			buildConfigurations = (
				9A7ADDA52E115551004D9B51 /* Debug */,
				9A7ADDA62E115551004D9B51 /* Release */,
			);
			defaultConfigurationIsVisible = 0;
			defaultConfigurationName = Release;
		};
/* End XCConfigurationList section */
	};
	rootObject = 9A7ADD752E115550004D9B51 /* Project object */;
}
